PODS:
  - Capacitor (6.2.0):
    - CapacitorCordova
  - CapacitorActionSheet (6.0.3):
    - Capacitor
  - CapacitorApp (6.0.1):
    - Capacitor
  - CapacitorBrowser (6.0.5):
    - Capacitor
  - CapacitorCommunityBluetoothLe (6.1.0):
    - Capacitor
  - CapacitorCordova (6.2.0)
  - CapacitorHaptics (6.0.1):
    - Capacitor
  - CapacitorKeyboard (6.0.3):
    - Capacitor
  - CapacitorShare (6.0.3):
    - Capacitor
  - CapacitorSplashScreen (6.0.3):
    - Capacitor
  - CapacitorStatusBar (6.0.1):
    - Capacitor
  - CocoaLumberjack (3.8.5):
    - CocoaLumberjack/Core (= 3.8.5)
  - CocoaLumberjack/Core (3.8.5)
  - JusticointeractiveCapacitorCarAudio (0.0.1-beta1):
    - Capacitor
    - Kingfisher (~> 6.0)
    - SVGKit
  - Kingfisher (6.3.1)
  - SVGKit (3.0.0):
    - CocoaLumberjack (~> 3.0)

DEPENDENCIES:
  - "Capacitor (from `../../node_modules/@capacitor/ios`)"
  - "CapacitorActionSheet (from `../../node_modules/@capacitor/action-sheet`)"
  - "CapacitorApp (from `../../node_modules/@capacitor/app`)"
  - "CapacitorBrowser (from `../../node_modules/@capacitor/browser`)"
  - "CapacitorCommunityBluetoothLe (from `../../node_modules/@capacitor-community/bluetooth-le`)"
  - "CapacitorCordova (from `../../node_modules/@capacitor/ios`)"
  - "CapacitorHaptics (from `../../node_modules/@capacitor/haptics`)"
  - "CapacitorKeyboard (from `../../node_modules/@capacitor/keyboard`)"
  - "CapacitorShare (from `../../node_modules/@capacitor/share`)"
  - "CapacitorSplashScreen (from `../../node_modules/@capacitor/splash-screen`)"
  - "CapacitorStatusBar (from `../../node_modules/@capacitor/status-bar`)"
  - "JusticointeractiveCapacitorCarAudio (from `../../node_modules/@justicointeractive/capacitor-car-audio`)"

SPEC REPOS:
  trunk:
    - CocoaLumberjack
    - Kingfisher
    - SVGKit

EXTERNAL SOURCES:
  Capacitor:
    :path: "../../node_modules/@capacitor/ios"
  CapacitorActionSheet:
    :path: "../../node_modules/@capacitor/action-sheet"
  CapacitorApp:
    :path: "../../node_modules/@capacitor/app"
  CapacitorBrowser:
    :path: "../../node_modules/@capacitor/browser"
  CapacitorCommunityBluetoothLe:
    :path: "../../node_modules/@capacitor-community/bluetooth-le"
  CapacitorCordova:
    :path: "../../node_modules/@capacitor/ios"
  CapacitorHaptics:
    :path: "../../node_modules/@capacitor/haptics"
  CapacitorKeyboard:
    :path: "../../node_modules/@capacitor/keyboard"
  CapacitorShare:
    :path: "../../node_modules/@capacitor/share"
  CapacitorSplashScreen:
    :path: "../../node_modules/@capacitor/splash-screen"
  CapacitorStatusBar:
    :path: "../../node_modules/@capacitor/status-bar"
  JusticointeractiveCapacitorCarAudio:
    :path: "../../node_modules/@justicointeractive/capacitor-car-audio"

SPEC CHECKSUMS:
  Capacitor: 05d35014f4425b0740fc8776481f6a369ad071bf
  CapacitorActionSheet: d1655abbbd3a57b86a7868269e8114848b5dac3e
  CapacitorApp: f51c08c64df914fc934239fd1b3fc809d62a02f6
  CapacitorBrowser: b468ac2db928e594b4d319727f3874743f9bcf96
  CapacitorCommunityBluetoothLe: 0d4d197e0d0eadb84d4c3a6683768088253419d9
  CapacitorCordova: b33e7f4aa4ed105dd43283acdd940964374a87d9
  CapacitorHaptics: 05d33e20e394b1977dfd2a00a2621e04098164c1
  CapacitorKeyboard: e89189ad398b815b6ff7e52271f0fb4f911a0a0a
  CapacitorShare: d2a742baec21c8f3b92b361a2fbd2401cdd8288e
  CapacitorSplashScreen: fd8bf1bf9081d9aa8817b7cd37d740d1bdaf2fb2
  CapacitorStatusBar: 9ed7f06318fd436917072a9bf60fda56d12c8bdb
  CocoaLumberjack: 6a459bc897d6d80bd1b8c78482ec7ad05dffc3f0
  JusticointeractiveCapacitorCarAudio: f13ac66d8d22bccab90b26f564680198e8381e8c
  Kingfisher: 016c8b653a35add51dd34a3aba36b580041acc74
  SVGKit: 1ad7513f8c74d9652f94ed64ddecda1a23864dea

PODFILE CHECKSUM: 8909758913cf3902e76e65546867133e25b15b37

COCOAPODS: 1.16.2
